// !$*UTF8*$!
{
	archiveVersion = 1;
	classes = {
	};
	objectVersion = 46;
	objects = {

/* Begin PBXBuildFile section */
		1F9E51B919352D9C00E9E2A7 /* Foundation.framework in Frameworks */ = {isa = PBXBuildFile; fileRef = 1F9E51B819352D9C00E9E2A7 /* Foundation.framework */; };
		1F9E51BB19352D9C00E9E2A7 /* CoreGraphics.framework in Frameworks */ = {isa = PBXBuildFile; fileRef = 1F9E51BA19352D9C00E9E2A7 /* CoreGraphics.framework */; };
		1F9E51BD19352D9C00E9E2A7 /* UIKit.framework in Frameworks */ = {isa = PBXBuildFile; fileRef = 1F9E51BC19352D9C00E9E2A7 /* UIKit.framework */; };
		1F9E51C319352D9C00E9E2A7 /* InfoPlist.strings in Resources */ = {isa = PBXBuildFile; fileRef = 1F9E51C119352D9C00E9E2A7 /* InfoPlist.strings */; };
		1F9E51C519352D9C00E9E2A7 /* main.m in Sources */ = {isa = PBXBuildFile; fileRef = 1F9E51C419352D9C00E9E2A7 /* main.m */; };
		1F9E51C919352D9C00E9E2A7 /* JKWAppDelegate.m in Sources */ = {isa = PBXBuildFile; fileRef = 1F9E51C819352D9C00E9E2A7 /* JKWAppDelegate.m */; };
		1F9E51CC19352D9C00E9E2A7 /* Main.storyboard in Resources */ = {isa = PBXBuildFile; fileRef = 1F9E51CA19352D9C00E9E2A7 /* Main.storyboard */; };
		1F9E51CF19352D9C00E9E2A7 /* JKWViewController.m in Sources */ = {isa = PBXBuildFile; fileRef = 1F9E51CE19352D9C00E9E2A7 /* JKWViewController.m */; };
		1F9E51D119352D9C00E9E2A7 /* Images.xcassets in Resources */ = {isa = PBXBuildFile; fileRef = 1F9E51D019352D9C00E9E2A7 /* Images.xcassets */; };
		1F9E51D819352D9D00E9E2A7 /* XCTest.framework in Frameworks */ = {isa = PBXBuildFile; fileRef = 1F9E51D719352D9D00E9E2A7 /* XCTest.framework */; };
		1F9E51D919352D9D00E9E2A7 /* Foundation.framework in Frameworks */ = {isa = PBXBuildFile; fileRef = 1F9E51B819352D9C00E9E2A7 /* Foundation.framework */; };
		1F9E51DA19352D9D00E9E2A7 /* UIKit.framework in Frameworks */ = {isa = PBXBuildFile; fileRef = 1F9E51BC19352D9C00E9E2A7 /* UIKit.framework */; };
		1F9E51E219352D9D00E9E2A7 /* InfoPlist.strings in Resources */ = {isa = PBXBuildFile; fileRef = 1F9E51E019352D9D00E9E2A7 /* InfoPlist.strings */; };
		1F9E51E419352D9D00E9E2A7 /* HelloWorldUdemyTests.m in Sources */ = {isa = PBXBuildFile; fileRef = 1F9E51E319352D9D00E9E2A7 /* HelloWorldUdemyTests.m */; };
/* End PBXBuildFile section */

/* Begin PBXContainerItemProxy section */
		1F9E51DB19352D9D00E9E2A7 /* PBXContainerItemProxy */ = {
			isa = PBXContainerItemProxy;
			containerPortal = 1F9E51AD19352D9C00E9E2A7 /* Project object */;
			proxyType = 1;
			remoteGlobalIDString = 1F9E51B419352D9C00E9E2A7;
			remoteInfo = HelloWorldUdemy;
		};
/* End PBXContainerItemProxy section */

/* Begin PBXFileReference section */
		1F9E51B519352D9C00E9E2A7 /* HelloWorldUdemy.app */ = {isa = PBXFileReference; explicitFileType = wrapper.application; includeInIndex = 0; path = HelloWorldUdemy.app; sourceTree = BUILT_PRODUCTS_DIR; };
		1F9E51B819352D9C00E9E2A7 /* Foundation.framework */ = {isa = PBXFileReference; lastKnownFileType = wrapper.framework; name = Foundation.framework; path = System/Library/Frameworks/Foundation.framework; sourceTree = SDKROOT; };
		1F9E51BA19352D9C00E9E2A7 /* CoreGraphics.framework */ = {isa = PBXFileReference; lastKnownFileType = wrapper.framework; name = CoreGraphics.framework; path = System/Library/Frameworks/CoreGraphics.framework; sourceTree = SDKROOT; };
		1F9E51BC19352D9C00E9E2A7 /* UIKit.framework */ = {isa = PBXFileReference; lastKnownFileType = wrapper.framework; name = UIKit.framework; path = System/Library/Frameworks/UIKit.framework; sourceTree = SDKROOT; };
		1F9E51C019352D9C00E9E2A7 /* HelloWorldUdemy-Info.plist */ = {isa = PBXFileReference; lastKnownFileType = text.plist.xml; path = "HelloWorldUdemy-Info.plist"; sourceTree = "<group>"; };
		1F9E51C219352D9C00E9E2A7 /* en */ = {isa = PBXFileReference; lastKnownFileType = text.plist.strings; name = en; path = en.lproj/InfoPlist.strings; sourceTree = "<group>"; };
		1F9E51C419352D9C00E9E2A7 /* main.m */ = {isa = PBXFileReference; lastKnownFileType = sourcecode.c.objc; path = main.m; sourceTree = "<group>"; };
		1F9E51C619352D9C00E9E2A7 /* HelloWorldUdemy-Prefix.pch */ = {isa = PBXFileReference; lastKnownFileType = sourcecode.c.h; path = "HelloWorldUdemy-Prefix.pch"; sourceTree = "<group>"; };
		1F9E51C719352D9C00E9E2A7 /* JKWAppDelegate.h */ = {isa = PBXFileReference; lastKnownFileType = sourcecode.c.h; path = JKWAppDelegate.h; sourceTree = "<group>"; };
		1F9E51C819352D9C00E9E2A7 /* JKWAppDelegate.m */ = {isa = PBXFileReference; lastKnownFileType = sourcecode.c.objc; path = JKWAppDelegate.m; sourceTree = "<group>"; };
		1F9E51CB19352D9C00E9E2A7 /* Base */ = {isa = PBXFileReference; lastKnownFileType = file.storyboard; name = Base; path = Base.lproj/Main.storyboard; sourceTree = "<group>"; };
		1F9E51CD19352D9C00E9E2A7 /* JKWViewController.h */ = {isa = PBXFileReference; lastKnownFileType = sourcecode.c.h; path = JKWViewController.h; sourceTree = "<group>"; };
		1F9E51CE19352D9C00E9E2A7 /* JKWViewController.m */ = {isa = PBXFileReference; lastKnownFileType = sourcecode.c.objc; path = JKWViewController.m; sourceTree = "<group>"; };
		1F9E51D019352D9C00E9E2A7 /* Images.xcassets */ = {isa = PBXFileReference; lastKnownFileType = folder.assetcatalog; path = Images.xcassets; sourceTree = "<group>"; };
		1F9E51D619352D9D00E9E2A7 /* HelloWorldUdemyTests.xctest */ = {isa = PBXFileReference; explicitFileType = wrapper.cfbundle; includeInIndex = 0; path = HelloWorldUdemyTests.xctest; sourceTree = BUILT_PRODUCTS_DIR; };
		1F9E51D719352D9D00E9E2A7 /* XCTest.framework */ = {isa = PBXFileReference; lastKnownFileType = wrapper.framework; name = XCTest.framework; path = Library/Frameworks/XCTest.framework; sourceTree = DEVELOPER_DIR; };
		1F9E51DF19352D9D00E9E2A7 /* HelloWorldUdemyTests-Info.plist */ = {isa = PBXFileReference; lastKnownFileType = text.plist.xml; path = "HelloWorldUdemyTests-Info.plist"; sourceTree = "<group>"; };
		1F9E51E119352D9D00E9E2A7 /* en */ = {isa = PBXFileReference; lastKnownFileType = text.plist.strings; name = en; path = en.lproj/InfoPlist.strings; sourceTree = "<group>"; };
		1F9E51E319352D9D00E9E2A7 /* HelloWorldUdemyTests.m */ = {isa = PBXFileReference; lastKnownFileType = sourcecode.c.objc; path = HelloWorldUdemyTests.m; sourceTree = "<group>"; };
/* End PBXFileReference section */

/* Begin PBXFrameworksBuildPhase section */
		1F9E51B219352D9C00E9E2A7 /* Frameworks */ = {
			isa = PBXFrameworksBuildPhase;
			buildActionMask = 2147483647;
			files = (
				1F9E51BB19352D9C00E9E2A7 /* CoreGraphics.framework in Frameworks */,
				1F9E51BD19352D9C00E9E2A7 /* UIKit.framework in Frameworks */,
				1F9E51B919352D9C00E9E2A7 /* Foundation.framework in Frameworks */,
			);
			runOnlyForDeploymentPostprocessing = 0;
		};
		1F9E51D319352D9D00E9E2A7 /* Frameworks */ = {
			isa = PBXFrameworksBuildPhase;
			buildActionMask = 2147483647;
			files = (
				1F9E51D819352D9D00E9E2A7 /* XCTest.framework in Frameworks */,
				1F9E51DA19352D9D00E9E2A7 /* UIKit.framework in Frameworks */,
				1F9E51D919352D9D00E9E2A7 /* Foundation.framework in Frameworks */,
			);
			runOnlyForDeploymentPostprocessing = 0;
		};
/* End PBXFrameworksBuildPhase section */

/* Begin PBXGroup section */
		1F9E51AC19352D9C00E9E2A7 = {
			isa = PBXGroup;
			children = (
				1F9E51BE19352D9C00E9E2A7 /* HelloWorldUdemy */,
				1F9E51DD19352D9D00E9E2A7 /* HelloWorldUdemyTests */,
				1F9E51B719352D9C00E9E2A7 /* Frameworks */,
				1F9E51B619352D9C00E9E2A7 /* Products */,
			);
			sourceTree = "<group>";
		};
		1F9E51B619352D9C00E9E2A7 /* Products */ = {
			isa = PBXGroup;
			children = (
				1F9E51B519352D9C00E9E2A7 /* HelloWorldUdemy.app */,
				1F9E51D619352D9D00E9E2A7 /* HelloWorldUdemyTests.xctest */,
			);
			name = Products;
			sourceTree = "<group>";
		};
		1F9E51B719352D9C00E9E2A7 /* Frameworks */ = {
			isa = PBXGroup;
			children = (
				1F9E51B819352D9C00E9E2A7 /* Foundation.framework */,
				1F9E51BA19352D9C00E9E2A7 /* CoreGraphics.framework */,
				1F9E51BC19352D9C00E9E2A7 /* UIKit.framework */,
				1F9E51D719352D9D00E9E2A7 /* XCTest.framework */,
			);
			name = Frameworks;
			sourceTree = "<group>";
		};
		1F9E51BE19352D9C00E9E2A7 /* HelloWorldUdemy */ = {
			isa = PBXGroup;
			children = (
				1F9E51C719352D9C00E9E2A7 /* JKWAppDelegate.h */,
				1F9E51C819352D9C00E9E2A7 /* JKWAppDelegate.m */,
				1F9E51CA19352D9C00E9E2A7 /* Main.storyboard */,
				1F9E51CD19352D9C00E9E2A7 /* JKWViewController.h */,
				1F9E51CE19352D9C00E9E2A7 /* JKWViewController.m */,
				1F9E51D019352D9C00E9E2A7 /* Images.xcassets */,
				1F9E51BF19352D9C00E9E2A7 /* Supporting Files */,
			);
			path = HelloWorldUdemy;
			sourceTree = "<group>";
		};
		1F9E51BF19352D9C00E9E2A7 /* Supporting Files */ = {
			isa = PBXGroup;
			children = (
				1F9E51C019352D9C00E9E2A7 /* HelloWorldUdemy-Info.plist */,
				1F9E51C119352D9C00E9E2A7 /* InfoPlist.strings */,
				1F9E51C419352D9C00E9E2A7 /* main.m */,
				1F9E51C619352D9C00E9E2A7 /* HelloWorldUdemy-Prefix.pch */,
			);
			name = "Supporting Files";
			sourceTree = "<group>";
		};
		1F9E51DD19352D9D00E9E2A7 /* HelloWorldUdemyTests */ = {
			isa = PBXGroup;
			children = (
				1F9E51E319352D9D00E9E2A7 /* HelloWorldUdemyTests.m */,
				1F9E51DE19352D9D00E9E2A7 /* Supporting Files */,
			);
			path = HelloWorldUdemyTests;
			sourceTree = "<group>";
		};
		1F9E51DE19352D9D00E9E2A7 /* Supporting Files */ = {
			isa = PBXGroup;
			children = (
				1F9E51DF19352D9D00E9E2A7 /* HelloWorldUdemyTests-Info.plist */,
				1F9E51E019352D9D00E9E2A7 /* InfoPlist.strings */,
			);
			name = "Supporting Files";
			sourceTree = "<group>";
		};
/* End PBXGroup section */

/* Begin PBXNativeTarget section */
		1F9E51B419352D9C00E9E2A7 /* HelloWorldUdemy */ = {
			isa = PBXNativeTarget;
			buildConfigurationList = 1F9E51E719352D9D00E9E2A7 /* Build configuration list for PBXNativeTarget "HelloWorldUdemy" */;
			buildPhases = (
				1F9E51B119352D9C00E9E2A7 /* Sources */,
				1F9E51B219352D9C00E9E2A7 /* Frameworks */,
				1F9E51B319352D9C00E9E2A7 /* Resources */,
			);
			buildRules = (
			);
			dependencies = (
			);
			name = HelloWorldUdemy;
			productName = HelloWorldUdemy;
			productReference = 1F9E51B519352D9C00E9E2A7 /* HelloWorldUdemy.app */;
			productType = "com.apple.product-type.application";
		};
		1F9E51D519352D9D00E9E2A7 /* HelloWorldUdemyTests */ = {
			isa = PBXNativeTarget;
			buildConfigurationList = 1F9E51EA19352D9D00E9E2A7 /* Build configuration list for PBXNativeTarget "HelloWorldUdemyTests" */;
			buildPhases = (
				1F9E51D219352D9D00E9E2A7 /* Sources */,
				1F9E51D319352D9D00E9E2A7 /* Frameworks */,
				1F9E51D419352D9D00E9E2A7 /* Resources */,
			);
			buildRules = (
			);
			dependencies = (
				1F9E51DC19352D9D00E9E2A7 /* PBXTargetDependency */,
			);
			name = HelloWorldUdemyTests;
			productName = HelloWorldUdemyTests;
			productReference = 1F9E51D619352D9D00E9E2A7 /* HelloWorldUdemyTests.xctest */;
			productType = "com.apple.product-type.bundle.unit-test";
		};
/* End PBXNativeTarget section */

/* Begin PBXProject section */
		1F9E51AD19352D9C00E9E2A7 /* Project object */ = {
			isa = PBXProject;
			attributes = {
				CLASSPREFIX = JKW;
				LastUpgradeCheck = 0510;
				ORGANIZATIONNAME = "Jennifer K Design, LLC.";
				TargetAttributes = {
					1F9E51D519352D9D00E9E2A7 = {
						TestTargetID = 1F9E51B419352D9C00E9E2A7;
					};
				};
			};
			buildConfigurationList = 1F9E51B019352D9C00E9E2A7 /* Build configuration list for PBXProject "HelloWorldUdemy" */;
			compatibilityVersion = "Xcode 3.2";
			developmentRegion = English;
			hasScannedForEncodings = 0;
			knownRegions = (
				en,
				Base,
			);
			mainGroup = 1F9E51AC19352D9C00E9E2A7;
			productRefGroup = 1F9E51B619352D9C00E9E2A7 /* Products */;
			projectDirPath = "";
			projectRoot = "";
			targets = (
				1F9E51B419352D9C00E9E2A7 /* HelloWorldUdemy */,
				1F9E51D519352D9D00E9E2A7 /* HelloWorldUdemyTests */,
			);
		};
/* End PBXProject section */

/* Begin PBXResourcesBuildPhase section */
		1F9E51B319352D9C00E9E2A7 /* Resources */ = {
			isa = PBXResourcesBuildPhase;
			buildActionMask = 2147483647;
			files = (
				1F9E51D119352D9C00E9E2A7 /* Images.xcassets in Resources */,
				1F9E51C319352D9C00E9E2A7 /* InfoPlist.strings in Resources */,
				1F9E51CC19352D9C00E9E2A7 /* Main.storyboard in Resources */,
			);
			runOnlyForDeploymentPostprocessing = 0;
		};
		1F9E51D419352D9D00E9E2A7 /* Resources */ = {
			isa = PBXResourcesBuildPhase;
			buildActionMask = 2147483647;
			files = (
				1F9E51E219352D9D00E9E2A7 /* InfoPlist.strings in Resources */,
			);
			runOnlyForDeploymentPostprocessing = 0;
		};
/* End PBXResourcesBuildPhase section */

/* Begin PBXSourcesBuildPhase section */
		1F9E51B119352D9C00E9E2A7 /* Sources */ = {
			isa = PBXSourcesBuildPhase;
			buildActionMask = 2147483647;
			files = (
				1F9E51C519352D9C00E9E2A7 /* main.m in Sources */,
				1F9E51CF19352D9C00E9E2A7 /* JKWViewController.m in Sources */,
				1F9E51C919352D9C00E9E2A7 /* JKWAppDelegate.m in Sources */,
			);
			runOnlyForDeploymentPostprocessing = 0;
		};
		1F9E51D219352D9D00E9E2A7 /* Sources */ = {
			isa = PBXSourcesBuildPhase;
			buildActionMask = 2147483647;
			files = (
				1F9E51E419352D9D00E9E2A7 /* HelloWorldUdemyTests.m in Sources */,
			);
			runOnlyForDeploymentPostprocessing = 0;
		};
/* End PBXSourcesBuildPhase section */

/* Begin PBXTargetDependency section */
		1F9E51DC19352D9D00E9E2A7 /* PBXTargetDependency */ = {
			isa = PBXTargetDependency;
			target = 1F9E51B419352D9C00E9E2A7 /* HelloWorldUdemy */;
			targetProxy = 1F9E51DB19352D9D00E9E2A7 /* PBXContainerItemProxy */;
		};
/* End PBXTargetDependency section */

/* Begin PBXVariantGroup section */
		1F9E51C119352D9C00E9E2A7 /* InfoPlist.strings */ = {
			isa = PBXVariantGroup;
			children = (
				1F9E51C219352D9C00E9E2A7 /* en */,
			);
			name = InfoPlist.strings;
			sourceTree = "<group>";
		};
		1F9E51CA19352D9C00E9E2A7 /* Main.storyboard */ = {
			isa = PBXVariantGroup;
			children = (
				1F9E51CB19352D9C00E9E2A7 /* Base */,
			);
			name = Main.storyboard;
			sourceTree = "<group>";
		};
		1F9E51E019352D9D00E9E2A7 /* InfoPlist.strings */ = {
			isa = PBXVariantGroup;
			children = (
				1F9E51E119352D9D00E9E2A7 /* en */,
			);
			name = InfoPlist.strings;
			sourceTree = "<group>";
		};
/* End PBXVariantGroup section */

/* Begin XCBuildConfiguration section */
		1F9E51E519352D9D00E9E2A7 /* Debug */ = {
			isa = XCBuildConfiguration;
			buildSettings = {
				ALWAYS_SEARCH_USER_PATHS = NO;
				CLANG_CXX_LANGUAGE_STANDARD = "gnu++0x";
				CLANG_CXX_LIBRARY = "libc++";
				CLANG_ENABLE_MODULES = YES;
				CLANG_ENABLE_OBJC_ARC = YES;
				CLANG_WARN_BOOL_CONVERSION = YES;
				CLANG_WARN_CONSTANT_CONVERSION = YES;
				CLANG_WARN_DIRECT_OBJC_ISA_USAGE = YES_ERROR;
				CLANG_WARN_EMPTY_BODY = YES;
				CLANG_WARN_ENUM_CONVERSION = YES;
				CLANG_WARN_INT_CONVERSION = YES;
				CLANG_WARN_OBJC_ROOT_CLASS = YES_ERROR;
				CLANG_WARN__DUPLICATE_METHOD_MATCH = YES;
				"CODE_SIGN_IDENTITY[sdk=iphoneos*]" = "iPhone Developer";
				COPY_PHASE_STRIP = NO;
				GCC_C_LANGUAGE_STANDARD = gnu99;
				GCC_DYNAMIC_NO_PIC = NO;
				GCC_OPTIMIZATION_LEVEL = 0;
				GCC_PREPROCESSOR_DEFINITIONS = (
					"DEBUG=1",
					"$(inherited)",
				);
				GCC_SYMBOLS_PRIVATE_EXTERN = NO;
				GCC_WARN_64_TO_32_BIT_CONVERSION = YES;
				GCC_WARN_ABOUT_RETURN_TYPE = YES_ERROR;
				GCC_WARN_UNDECLARED_SELECTOR = YES;
				GCC_WARN_UNINITIALIZED_AUTOS = YES_AGGRESSIVE;
				GCC_WARN_UNUSED_FUNCTION = YES;
				GCC_WARN_UNUSED_VARIABLE = YES;
				IPHONEOS_DEPLOYMENT_TARGET = 7.1;
				ONLY_ACTIVE_ARCH = YES;
				SDKROOT = iphoneos;
			};
			name = Debug;
		};
		1F9E51E619352D9D00E9E2A7 /* Release */ = {
			isa = XCBuildConfiguration;
			buildSettings = {
				ALWAYS_SEARCH_USER_PATHS = NO;
				CLANG_CXX_LANGUAGE_STANDARD = "gnu++0x";
				CLANG_CXX_LIBRARY = "libc++";
				CLANG_ENABLE_MODULES = YES;
				CLANG_ENABLE_OBJC_ARC = YES;
				CLANG_WARN_BOOL_CONVERSION = YES;
				CLANG_WARN_CONSTANT_CONVERSION = YES;
				CLANG_WARN_DIRECT_OBJC_ISA_USAGE = YES_ERROR;
				CLANG_WARN_EMPTY_BODY = YES;
				CLANG_WARN_ENUM_CONVERSION = YES;
				CLANG_WARN_INT_CONVERSION = YES;
				CLANG_WARN_OBJC_ROOT_CLASS = YES_ERROR;
				CLANG_WARN__DUPLICATE_METHOD_MATCH = YES;
				"CODE_SIGN_IDENTITY[sdk=iphoneos*]" = "iPhone Developer";
				COPY_PHASE_STRIP = YES;
				ENABLE_NS_ASSERTIONS = NO;
				GCC_C_LANGUAGE_STANDARD = gnu99;
				GCC_WARN_64_TO_32_BIT_CONVERSION = YES;
				GCC_WARN_ABOUT_RETURN_TYPE = YES_ERROR;
				GCC_WARN_UNDECLARED_SELECTOR = YES;
				GCC_WARN_UNINITIALIZED_AUTOS = YES_AGGRESSIVE;
				GCC_WARN_UNUSED_FUNCTION = YES;
				GCC_WARN_UNUSED_VARIABLE = YES;
				IPHONEOS_DEPLOYMENT_TARGET = 7.1;
				SDKROOT = iphoneos;
				VALIDATE_PRODUCT = YES;
			};
			name = Release;
		};
		1F9E51E819352D9D00E9E2A7 /* Debug */ = {
			isa = XCBuildConfiguration;
			buildSettings = {
				ASSETCATALOG_COMPILER_APPICON_NAME = AppIcon;
				ASSETCATALOG_COMPILER_LAUNCHIMAGE_NAME = LaunchImage;
				GCC_PRECOMPILE_PREFIX_HEADER = YES;
				GCC_PREFIX_HEADER = "HelloWorldUdemy/HelloWorldUdemy-Prefix.pch";
				INFOPLIST_FILE = "HelloWorldUdemy/HelloWorldUdemy-Info.plist";
				PRODUCT_NAME = "$(TARGET_NAME)";
				WRAPPER_EXTENSION = app;
			};
			name = Debug;
		};
		1F9E51E919352D9D00E9E2A7 /* Release */ = {
			isa = XCBuildConfiguration;
			buildSettings = {
				ASSETCATALOG_COMPILER_APPICON_NAME = AppIcon;
				ASSETCATALOG_COMPILER_LAUNCHIMAGE_NAME = LaunchImage;
				GCC_PRECOMPILE_PREFIX_HEADER = YES;
				GCC_PREFIX_HEADER = "HelloWorldUdemy/HelloWorldUdemy-Prefix.pch";
				INFOPLIST_FILE = "HelloWorldUdemy/HelloWorldUdemy-Info.plist";
				PRODUCT_NAME = "$(TARGET_NAME)";
				WRAPPER_EXTENSION = app;
			};
			name = Release;
		};
		1F9E51EB19352D9D00E9E2A7 /* Debug */ = {
			isa = XCBuildConfiguration;
			buildSettings = {
				BUNDLE_LOADER = "$(BUILT_PRODUCTS_DIR)/HelloWorldUdemy.app/HelloWorldUdemy";
				FRAMEWORK_SEARCH_PATHS = (
					"$(SDKROOT)/Developer/Library/Frameworks",
					"$(inherited)",
					"$(DEVELOPER_FRAMEWORKS_DIR)",
				);
				GCC_PRECOMPILE_PREFIX_HEADER = YES;
				GCC_PREFIX_HEADER = "HelloWorldUdemy/HelloWorldUdemy-Prefix.pch";
				GCC_PREPROCESSOR_DEFINITIONS = (
					"DEBUG=1",
					"$(inherited)",
				);
				INFOPLIST_FILE = "HelloWorldUdemyTests/HelloWorldUdemyTests-Info.plist";
				PRODUCT_NAME = "$(TARGET_NAME)";
				TEST_HOST = "$(BUNDLE_LOADER)";
				WRAPPER_EXTENSION = xctest;
			};
			name = Debug;
		};
		1F9E51EC19352D9D00E9E2A7 /* Release */ = {
			isa = XCBuildConfiguration;
			buildSettings = {
				BUNDLE_LOADER = "$(BUILT_PRODUCTS_DIR)/HelloWorldUdemy.app/HelloWorldUdemy";
				FRAMEWORK_SEARCH_PATHS = (
					"$(SDKROOT)/Developer/Library/Frameworks",
					"$(inherited)",
					"$(DEVELOPER_FRAMEWORKS_DIR)",
				);
				GCC_PRECOMPILE_PREFIX_HEADER = YES;
				GCC_PREFIX_HEADER = "HelloWorldUdemy/HelloWorldUdemy-Prefix.pch";
				INFOPLIST_FILE = "HelloWorldUdemyTests/HelloWorldUdemyTests-Info.plist";
				PRODUCT_NAME = "$(TARGET_NAME)";
				TEST_HOST = "$(BUNDLE_LOADER)";
				WRAPPER_EXTENSION = xctest;
			};
			name = Release;
		};
/* End XCBuildConfiguration section */

/* Begin XCConfigurationList section */
		1F9E51B019352D9C00E9E2A7 /* Build configuration list for PBXProject "HelloWorldUdemy" */ = {
			isa = XCConfigurationList;
			buildConfigurations = (
				1F9E51E519352D9D00E9E2A7 /* Debug */,
				1F9E51E619352D9D00E9E2A7 /* Release */,
			);
			defaultConfigurationIsVisible = 0;
			defaultConfigurationName = Release;
		};
		1F9E51E719352D9D00E9E2A7 /* Build configuration list for PBXNativeTarget "HelloWorldUdemy" */ = {
			isa = XCConfigurationList;
			buildConfigurations = (
				1F9E51E819352D9D00E9E2A7 /* Debug */,
				1F9E51E919352D9D00E9E2A7 /* Release */,
			);
			defaultConfigurationIsVisible = 0;
		};
		1F9E51EA19352D9D00E9E2A7 /* Build configuration list for PBXNativeTarget "HelloWorldUdemyTests" */ = {
			isa = XCConfigurationList;
			buildConfigurations = (
				1F9E51EB19352D9D00E9E2A7 /* Debug */,
				1F9E51EC19352D9D00E9E2A7 /* Release */,
			);
			defaultConfigurationIsVisible = 0;
		};
/* End XCConfigurationList section */
	};
	rootObject = 1F9E51AD19352D9C00E9E2A7 /* Project object */;
}
